
Microsoft Visual Studio Solution File, Format Version 12.00
# Visual Studio Version 17
VisualStudioVersion = 17.13.35919.96
MinimumVisualStudioVersion = 10.0.40219.1
Project("{2150E333-8FDC-42A3-9474-1A3956D46DE8}") = "Solution Items", "Solution Items", "{6E13B947-F77A-41C6-8D2A-0ED04AB3A2B3}"
	ProjectSection(SolutionItems) = preProject
		.editorconfig = .editorconfig
		.gitignore = .gitignore
		.gitmodules = .gitmodules
		NuGet.config = NuGet.config
		README.md = README.md
	EndProjectSection
EndProject
Project("{FAE04EC0-301F-11D3-BF4B-00C04F79EFBC}") = "SURIMI-Ecopath", "SURIMI-Ecopath\SURIMI-Ecopath.csproj", "{B9332A06-D241-41C0-1B65-6EED39B96CAA}"
EndProject
Project("{FAE04EC0-301F-11D3-BF4B-00C04F79EFBC}") = "SURIMI-Ecopath.Tests", "SURIMI-Ecopath.Tests\SURIMI-Ecopath.Tests.csproj", "{4BF989E5-4750-6A1B-DBA0-D344576062D1}"
EndProject
Global
	GlobalSection(SolutionConfigurationPlatforms) = preSolution
		Debug|Any CPU = Debug|Any CPU
		Release|Any CPU = Release|Any CPU
	EndGlobalSection
	GlobalSection(ProjectConfigurationPlatforms) = postSolution
		{B9332A06-D241-41C0-1B65-6EED39B96CAA}.Debug|Any CPU.ActiveCfg = Debug|Any CPU
		{B9332A06-D241-41C0-1B65-6EED39B96CAA}.Debug|Any CPU.Build.0 = Debug|Any CPU
		{B9332A06-D241-41C0-1B65-6EED39B96CAA}.Release|Any CPU.ActiveCfg = Release|Any CPU
		{B9332A06-D241-41C0-1B65-6EED39B96CAA}.Release|Any CPU.Build.0 = Release|Any CPU
		{4BF989E5-4750-6A1B-DBA0-D344576062D1}.Debug|Any CPU.ActiveCfg = Debug|Any CPU
		{4BF989E5-4750-6A1B-DBA0-D344576062D1}.Debug|Any CPU.Build.0 = Debug|Any CPU
		{4BF989E5-4750-6A1B-DBA0-D344576062D1}.Release|Any CPU.ActiveCfg = Release|Any CPU
		{4BF989E5-4750-6A1B-DBA0-D344576062D1}.Release|Any CPU.Build.0 = Release|Any CPU
	EndGlobalSection
	GlobalSection(SolutionProperties) = preSolution
		HideSolutionNode = FALSE
	EndGlobalSection
	GlobalSection(ExtensibilityGlobals) = postSolution
		SolutionGuid = {1C44F9D1-9422-41D4-8C6A-991858F92E66}
	EndGlobalSection
EndGlobal
