
Microsoft Visual Studio Solution File, Format Version 12.00
# Visual Studio Version 18
VisualStudioVersion = 18.6.11819.183
MinimumVisualStudioVersion = 10.0.40219.1
Project("{2150E333-8FDC-42A3-9474-1A3956D46DE8}") = "Solution Items", "Solution Items", "{6E13B947-F77A-41C6-8D2A-0ED04AB3A2B3}"
	ProjectSection(SolutionItems) = preProject
		.editorconfig = .editorconfig
		.gitignore = .gitignore
		.gitmodules = .gitmodules
		EcologyService_architecture.md = EcologyService_architecture.md
		NuGet.config = NuGet.config
		README.md = README.md
	EndProjectSection
EndProject
Project("{FAE04EC0-301F-11D3-BF4B-00C04F79EFBC}") = "SURIMI-Ecopath", "SURIMI-Ecopath\SURIMI-Ecopath.csproj", "{B9332A06-D241-41C0-1B65-6EED39B96CAA}"
EndProject
Project("{FAE04EC0-301F-11D3-BF4B-00C04F79EFBC}") = "SURIMI-Ecopath.Tests", "SURIMI-Ecopath.Tests\SURIMI-Ecopath.Tests.csproj", "{4BF989E5-4750-6A1B-DBA0-D344576062D1}"
EndProject
Project("{FAE04EC0-301F-11D3-BF4B-00C04F79EFBC}") = "SURIMI-Ecopath.IntegrationTests", "SURIMI-Ecopath.IntegrationTests\SURIMI-Ecopath.IntegrationTests.csproj", "{22C2A01E-885D-486D-9617-046C3E8E5B6A}"
EndProject
Global
	GlobalSection(SolutionConfigurationPlatforms) = preSolution
		Debug|Any CPU = Debug|Any CPU
		Debug|x64 = Debug|x64
		Debug|x86 = Debug|x86
		Release|Any CPU = Release|Any CPU
		Release|x64 = Release|x64
		Release|x86 = Release|x86
	EndGlobalSection
	GlobalSection(ProjectConfigurationPlatforms) = postSolution
		{B9332A06-D241-41C0-1B65-6EED39B96CAA}.Debug|Any CPU.ActiveCfg = Debug|Any CPU
		{B9332A06-D241-41C0-1B65-6EED39B96CAA}.Debug|Any CPU.Build.0 = Debug|Any CPU
		{B9332A06-D241-41C0-1B65-6EED39B96CAA}.Debug|x64.ActiveCfg = Debug|Any CPU
		{B9332A06-D241-41C0-1B65-6EED39B96CAA}.Debug|x64.Build.0 = Debug|Any CPU
		{B9332A06-D241-41C0-1B65-6EED39B96CAA}.Debug|x86.ActiveCfg = Debug|Any CPU
		{B9332A06-D241-41C0-1B65-6EED39B96CAA}.Debug|x86.Build.0 = Debug|Any CPU
		{B9332A06-D241-41C0-1B65-6EED39B96CAA}.Release|Any CPU.ActiveCfg = Release|Any CPU
		{B9332A06-D241-41C0-1B65-6EED39B96CAA}.Release|Any CPU.Build.0 = Release|Any CPU
		{B9332A06-D241-41C0-1B65-6EED39B96CAA}.Release|x64.ActiveCfg = Release|Any CPU
		{B9332A06-D241-41C0-1B65-6EED39B96CAA}.Release|x64.Build.0 = Release|Any CPU
		{B9332A06-D241-41C0-1B65-6EED39B96CAA}.Release|x86.ActiveCfg = Release|Any CPU
		{B9332A06-D241-41C0-1B65-6EED39B96CAA}.Release|x86.Build.0 = Release|Any CPU
		{4BF989E5-4750-6A1B-DBA0-D344576062D1}.Debug|Any CPU.ActiveCfg = Debug|Any CPU
		{4BF989E5-4750-6A1B-DBA0-D344576062D1}.Debug|Any CPU.Build.0 = Debug|Any CPU
		{4BF989E5-4750-6A1B-DBA0-D344576062D1}.Debug|x64.ActiveCfg = Debug|Any CPU
		{4BF989E5-4750-6A1B-DBA0-D344576062D1}.Debug|x64.Build.0 = Debug|Any CPU
		{4BF989E5-4750-6A1B-DBA0-D344576062D1}.Debug|x86.ActiveCfg = Debug|Any CPU
		{4BF989E5-4750-6A1B-DBA0-D344576062D1}.Debug|x86.Build.0 = Debug|Any CPU
		{4BF989E5-4750-6A1B-DBA0-D344576062D1}.Release|Any CPU.ActiveCfg = Release|Any CPU
		{4BF989E5-4750-6A1B-DBA0-D344576062D1}.Release|Any CPU.Build.0 = Release|Any CPU
		{4BF989E5-4750-6A1B-DBA0-D344576062D1}.Release|x64.ActiveCfg = Release|Any CPU
		{4BF989E5-4750-6A1B-DBA0-D344576062D1}.Release|x64.Build.0 = Release|Any CPU
		{4BF989E5-4750-6A1B-DBA0-D344576062D1}.Release|x86.ActiveCfg = Release|Any CPU
		{4BF989E5-4750-6A1B-DBA0-D344576062D1}.Release|x86.Build.0 = Release|Any CPU
		{22C2A01E-885D-486D-9617-046C3E8E5B6A}.Debug|Any CPU.ActiveCfg = Debug|Any CPU
		{22C2A01E-885D-486D-9617-046C3E8E5B6A}.Debug|Any CPU.Build.0 = Debug|Any CPU
		{22C2A01E-885D-486D-9617-046C3E8E5B6A}.Debug|x64.ActiveCfg = Debug|Any CPU
		{22C2A01E-885D-486D-9617-046C3E8E5B6A}.Debug|x64.Build.0 = Debug|Any CPU
		{22C2A01E-885D-486D-9617-046C3E8E5B6A}.Debug|x86.ActiveCfg = Debug|Any CPU
		{22C2A01E-885D-486D-9617-046C3E8E5B6A}.Debug|x86.Build.0 = Debug|Any CPU
		{22C2A01E-885D-486D-9617-046C3E8E5B6A}.Release|Any CPU.ActiveCfg = Release|Any CPU
		{22C2A01E-885D-486D-9617-046C3E8E5B6A}.Release|Any CPU.Build.0 = Release|Any CPU
		{22C2A01E-885D-486D-9617-046C3E8E5B6A}.Release|x64.ActiveCfg = Release|Any CPU
		{22C2A01E-885D-486D-9617-046C3E8E5B6A}.Release|x64.Build.0 = Release|Any CPU
		{22C2A01E-885D-486D-9617-046C3E8E5B6A}.Release|x86.ActiveCfg = Release|Any CPU
		{22C2A01E-885D-486D-9617-046C3E8E5B6A}.Release|x86.Build.0 = Release|Any CPU
	EndGlobalSection
	GlobalSection(SolutionProperties) = preSolution
		HideSolutionNode = FALSE
	EndGlobalSection
	GlobalSection(ExtensibilityGlobals) = postSolution
		SolutionGuid = {1C44F9D1-9422-41D4-8C6A-991858F92E66}
	EndGlobalSection
EndGlobal
